// !$*UTF8*$!
{
	archiveVersion = 1;
	classes = {
	};
	objectVersion = 46;
	objects = {

/* Begin PBXBuildFile section */
		BF1E892A19F4176B00B0B687 /* main.m in Sources */ = {isa = PBXBuildFile; fileRef = BF1E892919F4176B00B0B687 /* main.m */; };
		BF1E892D19F4176B00B0B687 /* AppDelegate.m in Sources */ = {isa = PBXBuildFile; fileRef = BF1E892C19F4176B00B0B687 /* AppDelegate.m */; };
		BF1E892F19F4176B00B0B687 /* Images.xcassets in Resources */ = {isa = PBXBuildFile; fileRef = BF1E892E19F4176B00B0B687 /* Images.xcassets */; };
		BF1E893219F4176B00B0B687 /* MainMenu.xib in Resources */ = {isa = PBXBuildFile; fileRef = BF1E893019F4176B00B0B687 /* MainMenu.xib */; };
		BF1E893E19F4176B00B0B687 /* SupernovaTests.m in Sources */ = {isa = PBXBuildFile; fileRef = BF1E893D19F4176B00B0B687 /* SupernovaTests.m */; };
		BF1E895319F426EF00B0B687 /* OSXOpenGLView.m in Sources */ = {isa = PBXBuildFile; fileRef = BF1E895219F426EF00B0B687 /* OSXOpenGLView.m */; };
/* End PBXBuildFile section */

/* Begin PBXContainerItemProxy section */
		BF1E893819F4176B00B0B687 /* PBXContainerItemProxy */ = {
			isa = PBXContainerItemProxy;
			containerPortal = BF1E891C19F4176B00B0B687 /* Project object */;
			proxyType = 1;
			remoteGlobalIDString = BF1E892319F4176B00B0B687;
			remoteInfo = Supernova;
		};
/* End PBXContainerItemProxy section */

/* Begin PBXFileReference section */
		BF1E892419F4176B00B0B687 /* Supernova.app */ = {isa = PBXFileReference; explicitFileType = wrapper.application; includeInIndex = 0; path = Supernova.app; sourceTree = BUILT_PRODUCTS_DIR; };
		BF1E892819F4176B00B0B687 /* Info.plist */ = {isa = PBXFileReference; lastKnownFileType = text.plist.xml; path = Info.plist; sourceTree = "<group>"; };
		BF1E892919F4176B00B0B687 /* main.m */ = {isa = PBXFileReference; lastKnownFileType = sourcecode.c.objc; path = main.m; sourceTree = "<group>"; };
		BF1E892B19F4176B00B0B687 /* AppDelegate.h */ = {isa = PBXFileReference; lastKnownFileType = sourcecode.c.h; path = AppDelegate.h; sourceTree = "<group>"; };
		BF1E892C19F4176B00B0B687 /* AppDelegate.m */ = {isa = PBXFileReference; lastKnownFileType = sourcecode.c.objc; path = AppDelegate.m; sourceTree = "<group>"; };
		BF1E892E19F4176B00B0B687 /* Images.xcassets */ = {isa = PBXFileReference; lastKnownFileType = folder.assetcatalog; path = Images.xcassets; sourceTree = "<group>"; };
		BF1E893119F4176B00B0B687 /* Base */ = {isa = PBXFileReference; lastKnownFileType = file.xib; name = Base; path = Base.lproj/MainMenu.xib; sourceTree = "<group>"; };
		BF1E893719F4176B00B0B687 /* SupernovaTests.xctest */ = {isa = PBXFileReference; explicitFileType = wrapper.cfbundle; includeInIndex = 0; path = SupernovaTests.xctest; sourceTree = BUILT_PRODUCTS_DIR; };
		BF1E893C19F4176B00B0B687 /* Info.plist */ = {isa = PBXFileReference; lastKnownFileType = text.plist.xml; path = Info.plist; sourceTree = "<group>"; };
		BF1E893D19F4176B00B0B687 /* SupernovaTests.m */ = {isa = PBXFileReference; lastKnownFileType = sourcecode.c.objc; path = SupernovaTests.m; sourceTree = "<group>"; };
		BF1E895119F426BF00B0B687 /* OSXOpenGLView.h */ = {isa = PBXFileReference; fileEncoding = 4; lastKnownFileType = sourcecode.c.h; path = OSXOpenGLView.h; sourceTree = "<group>"; };
		BF1E895219F426EF00B0B687 /* OSXOpenGLView.m */ = {isa = PBXFileReference; fileEncoding = 4; lastKnownFileType = sourcecode.c.objc; path = OSXOpenGLView.m; sourceTree = "<group>"; };
/* End PBXFileReference section */

/* Begin PBXFrameworksBuildPhase section */
		BF1E892119F4176B00B0B687 /* Frameworks */ = {
			isa = PBXFrameworksBuildPhase;
			buildActionMask = 2147483647;
			files = (
			);
			runOnlyForDeploymentPostprocessing = 0;
		};
		BF1E893419F4176B00B0B687 /* Frameworks */ = {
			isa = PBXFrameworksBuildPhase;
			buildActionMask = 2147483647;
			files = (
			);
			runOnlyForDeploymentPostprocessing = 0;
		};
/* End PBXFrameworksBuildPhase section */

/* Begin PBXGroup section */
		BF1E891B19F4176B00B0B687 = {
			isa = PBXGroup;
			children = (
				BF1E892619F4176B00B0B687 /* Supernova */,
				BF1E893A19F4176B00B0B687 /* SupernovaTests */,
				BF1E892519F4176B00B0B687 /* Products */,
			);
			sourceTree = "<group>";
		};
		BF1E892519F4176B00B0B687 /* Products */ = {
			isa = PBXGroup;
			children = (
				BF1E892419F4176B00B0B687 /* Supernova.app */,
				BF1E893719F4176B00B0B687 /* SupernovaTests.xctest */,
			);
			name = Products;
			sourceTree = "<group>";
		};
		BF1E892619F4176B00B0B687 /* Supernova */ = {
			isa = PBXGroup;
			children = (
				BF1E892B19F4176B00B0B687 /* AppDelegate.h */,
				BF1E892C19F4176B00B0B687 /* AppDelegate.m */,
				BF1E892E19F4176B00B0B687 /* Images.xcassets */,
				BF1E893019F4176B00B0B687 /* MainMenu.xib */,
				BF1E892719F4176B00B0B687 /* Supporting Files */,
				BF1E895119F426BF00B0B687 /* OSXOpenGLView.h */,
				BF1E895219F426EF00B0B687 /* OSXOpenGLView.m */,
			);
			path = Supernova;
			sourceTree = "<group>";
		};
		BF1E892719F4176B00B0B687 /* Supporting Files */ = {
			isa = PBXGroup;
			children = (
				BF1E892819F4176B00B0B687 /* Info.plist */,
				BF1E892919F4176B00B0B687 /* main.m */,
			);
			name = "Supporting Files";
			sourceTree = "<group>";
		};
		BF1E893A19F4176B00B0B687 /* SupernovaTests */ = {
			isa = PBXGroup;
			children = (
				BF1E893D19F4176B00B0B687 /* SupernovaTests.m */,
				BF1E893B19F4176B00B0B687 /* Supporting Files */,
			);
			path = SupernovaTests;
			sourceTree = "<group>";
		};
		BF1E893B19F4176B00B0B687 /* Supporting Files */ = {
			isa = PBXGroup;
			children = (
				BF1E893C19F4176B00B0B687 /* Info.plist */,
			);
			name = "Supporting Files";
			sourceTree = "<group>";
		};
/* End PBXGroup section */

/* Begin PBXNativeTarget section */
		BF1E892319F4176B00B0B687 /* Supernova */ = {
			isa = PBXNativeTarget;
			buildConfigurationList = BF1E894119F4176B00B0B687 /* Build configuration list for PBXNativeTarget "Supernova" */;
			buildPhases = (
				BF1E892019F4176B00B0B687 /* Sources */,
				BF1E892119F4176B00B0B687 /* Frameworks */,
				BF1E892219F4176B00B0B687 /* Resources */,
			);
			buildRules = (
			);
			dependencies = (
			);
			name = Supernova;
			productName = Supernova;
			productReference = BF1E892419F4176B00B0B687 /* Supernova.app */;
			productType = "com.apple.product-type.application";
		};
		BF1E893619F4176B00B0B687 /* SupernovaTests */ = {
			isa = PBXNativeTarget;
			buildConfigurationList = BF1E894419F4176B00B0B687 /* Build configuration list for PBXNativeTarget "SupernovaTests" */;
			buildPhases = (
				BF1E893319F4176B00B0B687 /* Sources */,
				BF1E893419F4176B00B0B687 /* Frameworks */,
				BF1E893519F4176B00B0B687 /* Resources */,
			);
			buildRules = (
			);
			dependencies = (
				BF1E893919F4176B00B0B687 /* PBXTargetDependency */,
			);
			name = SupernovaTests;
			productName = SupernovaTests;
			productReference = BF1E893719F4176B00B0B687 /* SupernovaTests.xctest */;
			productType = "com.apple.product-type.bundle.unit-test";
		};
/* End PBXNativeTarget section */

/* Begin PBXProject section */
		BF1E891C19F4176B00B0B687 /* Project object */ = {
			isa = PBXProject;
			attributes = {
				LastUpgradeCheck = 0600;
				ORGANIZATIONNAME = Jimmy;
				TargetAttributes = {
					BF1E892319F4176B00B0B687 = {
						CreatedOnToolsVersion = 6.0.1;
					};
					BF1E893619F4176B00B0B687 = {
						CreatedOnToolsVersion = 6.0.1;
						TestTargetID = BF1E892319F4176B00B0B687;
					};
				};
			};
			buildConfigurationList = BF1E891F19F4176B00B0B687 /* Build configuration list for PBXProject "Supernova" */;
			compatibilityVersion = "Xcode 3.2";
			developmentRegion = English;
			hasScannedForEncodings = 0;
			knownRegions = (
				en,
				Base,
			);
			mainGroup = BF1E891B19F4176B00B0B687;
			productRefGroup = BF1E892519F4176B00B0B687 /* Products */;
			projectDirPath = "";
			projectRoot = "";
			targets = (
				BF1E892319F4176B00B0B687 /* Supernova */,
				BF1E893619F4176B00B0B687 /* SupernovaTests */,
			);
		};
/* End PBXProject section */

/* Begin PBXResourcesBuildPhase section */
		BF1E892219F4176B00B0B687 /* Resources */ = {
			isa = PBXResourcesBuildPhase;
			buildActionMask = 2147483647;
			files = (
				BF1E892F19F4176B00B0B687 /* Images.xcassets in Resources */,
				BF1E893219F4176B00B0B687 /* MainMenu.xib in Resources */,
			);
			runOnlyForDeploymentPostprocessing = 0;
		};
		BF1E893519F4176B00B0B687 /* Resources */ = {
			isa = PBXResourcesBuildPhase;
			buildActionMask = 2147483647;
			files = (
			);
			runOnlyForDeploymentPostprocessing = 0;
		};
/* End PBXResourcesBuildPhase section */

/* Begin PBXSourcesBuildPhase section */
		BF1E892019F4176B00B0B687 /* Sources */ = {
			isa = PBXSourcesBuildPhase;
			buildActionMask = 2147483647;
			files = (
				BF1E892D19F4176B00B0B687 /* AppDelegate.m in Sources */,
				BF1E895319F426EF00B0B687 /* OSXOpenGLView.m in Sources */,
				BF1E892A19F4176B00B0B687 /* main.m in Sources */,
			);
			runOnlyForDeploymentPostprocessing = 0;
		};
		BF1E893319F4176B00B0B687 /* Sources */ = {
			isa = PBXSourcesBuildPhase;
			buildActionMask = 2147483647;
			files = (
				BF1E893E19F4176B00B0B687 /* SupernovaTests.m in Sources */,
			);
			runOnlyForDeploymentPostprocessing = 0;
		};
/* End PBXSourcesBuildPhase section */

/* Begin PBXTargetDependency section */
		BF1E893919F4176B00B0B687 /* PBXTargetDependency */ = {
			isa = PBXTargetDependency;
			target = BF1E892319F4176B00B0B687 /* Supernova */;
			targetProxy = BF1E893819F4176B00B0B687 /* PBXContainerItemProxy */;
		};
/* End PBXTargetDependency section */

/* Begin PBXVariantGroup section */
		BF1E893019F4176B00B0B687 /* MainMenu.xib */ = {
			isa = PBXVariantGroup;
			children = (
				BF1E893119F4176B00B0B687 /* Base */,
			);
			name = MainMenu.xib;
			sourceTree = "<group>";
		};
/* End PBXVariantGroup section */

/* Begin XCBuildConfiguration section */
		BF1E893F19F4176B00B0B687 /* Debug */ = {
			isa = XCBuildConfiguration;
			buildSettings = {
				ALWAYS_SEARCH_USER_PATHS = NO;
				CLANG_CXX_LANGUAGE_STANDARD = "gnu++0x";
				CLANG_CXX_LIBRARY = "libc++";
				CLANG_ENABLE_MODULES = YES;
				CLANG_ENABLE_OBJC_ARC = YES;
				CLANG_WARN_BOOL_CONVERSION = YES;
				CLANG_WARN_CONSTANT_CONVERSION = YES;
				CLANG_WARN_DIRECT_OBJC_ISA_USAGE = YES_ERROR;
				CLANG_WARN_EMPTY_BODY = YES;
				CLANG_WARN_ENUM_CONVERSION = YES;
				CLANG_WARN_INT_CONVERSION = YES;
				CLANG_WARN_OBJC_ROOT_CLASS = YES_ERROR;
				CLANG_WARN_UNREACHABLE_CODE = YES;
				CLANG_WARN__DUPLICATE_METHOD_MATCH = YES;
				CODE_SIGN_IDENTITY = "-";
				COPY_PHASE_STRIP = NO;
				ENABLE_STRICT_OBJC_MSGSEND = YES;
				GCC_C_LANGUAGE_STANDARD = gnu99;
				GCC_DYNAMIC_NO_PIC = NO;
				GCC_OPTIMIZATION_LEVEL = 0;
				GCC_PREPROCESSOR_DEFINITIONS = (
					"DEBUG=1",
					"$(inherited)",
				);
				GCC_SYMBOLS_PRIVATE_EXTERN = NO;
				GCC_WARN_64_TO_32_BIT_CONVERSION = YES;
				GCC_WARN_ABOUT_RETURN_TYPE = YES_ERROR;
				GCC_WARN_UNDECLARED_SELECTOR = YES;
				GCC_WARN_UNINITIALIZED_AUTOS = YES_AGGRESSIVE;
				GCC_WARN_UNUSED_FUNCTION = YES;
				GCC_WARN_UNUSED_VARIABLE = YES;
				MACOSX_DEPLOYMENT_TARGET = 10.9;
				MTL_ENABLE_DEBUG_INFO = YES;
				ONLY_ACTIVE_ARCH = YES;
				SDKROOT = macosx;
			};
			name = Debug;
		};
		BF1E894019F4176B00B0B687 /* Release */ = {
			isa = XCBuildConfiguration;
			buildSettings = {
				ALWAYS_SEARCH_USER_PATHS = NO;
				CLANG_CXX_LANGUAGE_STANDARD = "gnu++0x";
				CLANG_CXX_LIBRARY = "libc++";
				CLANG_ENABLE_MODULES = YES;
				CLANG_ENABLE_OBJC_ARC = YES;
				CLANG_WARN_BOOL_CONVERSION = YES;
				CLANG_WARN_CONSTANT_CONVERSION = YES;
				CLANG_WARN_DIRECT_OBJC_ISA_USAGE = YES_ERROR;
				CLANG_WARN_EMPTY_BODY = YES;
				CLANG_WARN_ENUM_CONVERSION = YES;
				CLANG_WARN_INT_CONVERSION = YES;
				CLANG_WARN_OBJC_ROOT_CLASS = YES_ERROR;
				CLANG_WARN_UNREACHABLE_CODE = YES;
				CLANG_WARN__DUPLICATE_METHOD_MATCH = YES;
				CODE_SIGN_IDENTITY = "-";
				COPY_PHASE_STRIP = YES;
				DEBUG_INFORMATION_FORMAT = "dwarf-with-dsym";
				ENABLE_NS_ASSERTIONS = NO;
				ENABLE_STRICT_OBJC_MSGSEND = YES;
				GCC_C_LANGUAGE_STANDARD = gnu99;
				GCC_WARN_64_TO_32_BIT_CONVERSION = YES;
				GCC_WARN_ABOUT_RETURN_TYPE = YES_ERROR;
				GCC_WARN_UNDECLARED_SELECTOR = YES;
				GCC_WARN_UNINITIALIZED_AUTOS = YES_AGGRESSIVE;
				GCC_WARN_UNUSED_FUNCTION = YES;
				GCC_WARN_UNUSED_VARIABLE = YES;
				MACOSX_DEPLOYMENT_TARGET = 10.9;
				MTL_ENABLE_DEBUG_INFO = NO;
				SDKROOT = macosx;
			};
			name = Release;
		};
		BF1E894219F4176B00B0B687 /* Debug */ = {
			isa = XCBuildConfiguration;
			buildSettings = {
				ASSETCATALOG_COMPILER_APPICON_NAME = AppIcon;
				COMBINE_HIDPI_IMAGES = YES;
				INFOPLIST_FILE = Supernova/Info.plist;
				LD_RUNPATH_SEARCH_PATHS = "$(inherited) @executable_path/../Frameworks";
				MACOSX_DEPLOYMENT_TARGET = 10.9;
				PRODUCT_NAME = "$(TARGET_NAME)";
			};
			name = Debug;
		};
		BF1E894319F4176B00B0B687 /* Release */ = {
			isa = XCBuildConfiguration;
			buildSettings = {
				ASSETCATALOG_COMPILER_APPICON_NAME = AppIcon;
				COMBINE_HIDPI_IMAGES = YES;
				INFOPLIST_FILE = Supernova/Info.plist;
				LD_RUNPATH_SEARCH_PATHS = "$(inherited) @executable_path/../Frameworks";
				MACOSX_DEPLOYMENT_TARGET = 10.9;
				PRODUCT_NAME = "$(TARGET_NAME)";
			};
			name = Release;
		};
		BF1E894519F4176B00B0B687 /* Debug */ = {
			isa = XCBuildConfiguration;
			buildSettings = {
				BUNDLE_LOADER = "$(TEST_HOST)";
				COMBINE_HIDPI_IMAGES = YES;
				FRAMEWORK_SEARCH_PATHS = (
					"$(DEVELOPER_FRAMEWORKS_DIR)",
					"$(inherited)",
				);
				GCC_PREPROCESSOR_DEFINITIONS = (
					"DEBUG=1",
					"$(inherited)",
				);
				INFOPLIST_FILE = SupernovaTests/Info.plist;
				LD_RUNPATH_SEARCH_PATHS = "$(inherited) @executable_path/../Frameworks @loader_path/../Frameworks";
				PRODUCT_NAME = "$(TARGET_NAME)";
				TEST_HOST = "$(BUILT_PRODUCTS_DIR)/Supernova.app/Contents/MacOS/Supernova";
			};
			name = Debug;
		};
		BF1E894619F4176B00B0B687 /* Release */ = {
			isa = XCBuildConfiguration;
			buildSettings = {
				BUNDLE_LOADER = "$(TEST_HOST)";
				COMBINE_HIDPI_IMAGES = YES;
				FRAMEWORK_SEARCH_PATHS = (
					"$(DEVELOPER_FRAMEWORKS_DIR)",
					"$(inherited)",
				);
				INFOPLIST_FILE = SupernovaTests/Info.plist;
				LD_RUNPATH_SEARCH_PATHS = "$(inherited) @executable_path/../Frameworks @loader_path/../Frameworks";
				PRODUCT_NAME = "$(TARGET_NAME)";
				TEST_HOST = "$(BUILT_PRODUCTS_DIR)/Supernova.app/Contents/MacOS/Supernova";
			};
			name = Release;
		};
/* End XCBuildConfiguration section */

/* Begin XCConfigurationList section */
		BF1E891F19F4176B00B0B687 /* Build configuration list for PBXProject "Supernova" */ = {
			isa = XCConfigurationList;
			buildConfigurations = (
				BF1E893F19F4176B00B0B687 /* Debug */,
				BF1E894019F4176B00B0B687 /* Release */,
			);
			defaultConfigurationIsVisible = 0;
			defaultConfigurationName = Release;
		};
		BF1E894119F4176B00B0B687 /* Build configuration list for PBXNativeTarget "Supernova" */ = {
			isa = XCConfigurationList;
			buildConfigurations = (
				BF1E894219F4176B00B0B687 /* Debug */,
				BF1E894319F4176B00B0B687 /* Release */,
			);
			defaultConfigurationIsVisible = 0;
		};
		BF1E894419F4176B00B0B687 /* Build configuration list for PBXNativeTarget "SupernovaTests" */ = {
			isa = XCConfigurationList;
			buildConfigurations = (
				BF1E894519F4176B00B0B687 /* Debug */,
				BF1E894619F4176B00B0B687 /* Release */,
			);
			defaultConfigurationIsVisible = 0;
		};
/* End XCConfigurationList section */
	};
	rootObject = BF1E891C19F4176B00B0B687 /* Project object */;
}
