// !$*UTF8*$!
{
	archiveVersion = 1;
	classes = {
	};
	objectVersion = 46;
	objects = {

/* Begin PBXBuildFile section */
		BF8112D21B823E950005FA4D /* main.cpp in Sources */ = {isa = PBXBuildFile; fileRef = BF8112D11B823E950005FA4D /* main.cpp */; };
		BF8112DF1B8240960005FA4D /* nedmalloc.c in Sources */ = {isa = PBXBuildFile; fileRef = BF8112DC1B8240960005FA4D /* nedmalloc.c */; };
/* End PBXBuildFile section */

/* Begin PBXCopyFilesBuildPhase section */
		BF8112CC1B823E950005FA4D /* CopyFiles */ = {
			isa = PBXCopyFilesBuildPhase;
			buildActionMask = 2147483647;
			dstPath = /usr/share/man/man1/;
			dstSubfolderSpec = 0;
			files = (
			);
			runOnlyForDeploymentPostprocessing = 1;
		};
/* End PBXCopyFilesBuildPhase section */

/* Begin PBXFileReference section */
		BF8112CE1B823E950005FA4D /* Supernova */ = {isa = PBXFileReference; explicitFileType = "compiled.mach-o.executable"; includeInIndex = 0; path = Supernova; sourceTree = BUILT_PRODUCTS_DIR; };
		BF8112D11B823E950005FA4D /* main.cpp */ = {isa = PBXFileReference; lastKnownFileType = sourcecode.cpp.cpp; path = main.cpp; sourceTree = "<group>"; };
		BF8112DA1B8240960005FA4D /* License.txt */ = {isa = PBXFileReference; fileEncoding = 4; lastKnownFileType = text; path = License.txt; sourceTree = "<group>"; };
		BF8112DB1B8240960005FA4D /* malloc.c.h */ = {isa = PBXFileReference; fileEncoding = 4; lastKnownFileType = sourcecode.c.h; path = malloc.c.h; sourceTree = "<group>"; };
		BF8112DC1B8240960005FA4D /* nedmalloc.c */ = {isa = PBXFileReference; fileEncoding = 4; lastKnownFileType = sourcecode.c.c; path = nedmalloc.c; sourceTree = "<group>"; };
		BF8112DD1B8240960005FA4D /* nedmalloc.h */ = {isa = PBXFileReference; fileEncoding = 4; lastKnownFileType = sourcecode.c.h; path = nedmalloc.h; sourceTree = "<group>"; };
		BF8112DE1B8240960005FA4D /* Readme.txt */ = {isa = PBXFileReference; fileEncoding = 4; lastKnownFileType = text; path = Readme.txt; sourceTree = "<group>"; };
		BF8112E21B8241F80005FA4D /* SupernovaMemoryNedPooling.h */ = {isa = PBXFileReference; lastKnownFileType = sourcecode.c.h; path = SupernovaMemoryNedPooling.h; sourceTree = "<group>"; };
/* End PBXFileReference section */

/* Begin PBXFrameworksBuildPhase section */
		BF8112CB1B823E950005FA4D /* Frameworks */ = {
			isa = PBXFrameworksBuildPhase;
			buildActionMask = 2147483647;
			files = (
			);
			runOnlyForDeploymentPostprocessing = 0;
		};
/* End PBXFrameworksBuildPhase section */

/* Begin PBXGroup section */
		BF8112C51B823E950005FA4D = {
			isa = PBXGroup;
			children = (
				BF8112D01B823E950005FA4D /* Supernova */,
				BF8112CF1B823E950005FA4D /* Products */,
			);
			sourceTree = "<group>";
		};
		BF8112CF1B823E950005FA4D /* Products */ = {
			isa = PBXGroup;
			children = (
				BF8112CE1B823E950005FA4D /* Supernova */,
			);
			name = Products;
			sourceTree = "<group>";
		};
		BF8112D01B823E950005FA4D /* Supernova */ = {
			isa = PBXGroup;
			children = (
				BF8112E11B82414B0005FA4D /* Memory */,
				BF8112E01B8240F50005FA4D /* Render */,
				BF8112D91B8240960005FA4D /* nedmalloc */,
				BF8112D11B823E950005FA4D /* main.cpp */,
			);
			path = Supernova;
			sourceTree = "<group>";
		};
		BF8112D91B8240960005FA4D /* nedmalloc */ = {
			isa = PBXGroup;
			children = (
				BF8112DA1B8240960005FA4D /* License.txt */,
				BF8112DB1B8240960005FA4D /* malloc.c.h */,
				BF8112DC1B8240960005FA4D /* nedmalloc.c */,
				BF8112DD1B8240960005FA4D /* nedmalloc.h */,
				BF8112DE1B8240960005FA4D /* Readme.txt */,
			);
			path = nedmalloc;
			sourceTree = "<group>";
		};
		BF8112E01B8240F50005FA4D /* Render */ = {
			isa = PBXGroup;
			children = (
			);
			name = Render;
			sourceTree = "<group>";
		};
		BF8112E11B82414B0005FA4D /* Memory */ = {
			isa = PBXGroup;
			children = (
				BF8112E21B8241F80005FA4D /* SupernovaMemoryNedPooling.h */,
			);
			name = Memory;
			sourceTree = "<group>";
		};
/* End PBXGroup section */

/* Begin PBXNativeTarget section */
		BF8112CD1B823E950005FA4D /* Supernova */ = {
			isa = PBXNativeTarget;
			buildConfigurationList = BF8112D51B823E950005FA4D /* Build configuration list for PBXNativeTarget "Supernova" */;
			buildPhases = (
				BF8112CA1B823E950005FA4D /* Sources */,
				BF8112CB1B823E950005FA4D /* Frameworks */,
				BF8112CC1B823E950005FA4D /* CopyFiles */,
			);
			buildRules = (
			);
			dependencies = (
			);
			name = Supernova;
			productName = Supernova;
			productReference = BF8112CE1B823E950005FA4D /* Supernova */;
			productType = "com.apple.product-type.tool";
		};
/* End PBXNativeTarget section */

/* Begin PBXProject section */
		BF8112C61B823E950005FA4D /* Project object */ = {
			isa = PBXProject;
			attributes = {
				LastUpgradeCheck = 0640;
				ORGANIZATIONNAME = Jimmy;
				TargetAttributes = {
					BF8112CD1B823E950005FA4D = {
						CreatedOnToolsVersion = 6.4;
					};
				};
			};
			buildConfigurationList = BF8112C91B823E950005FA4D /* Build configuration list for PBXProject "Supernova" */;
			compatibilityVersion = "Xcode 3.2";
			developmentRegion = English;
			hasScannedForEncodings = 0;
			knownRegions = (
				en,
			);
			mainGroup = BF8112C51B823E950005FA4D;
			productRefGroup = BF8112CF1B823E950005FA4D /* Products */;
			projectDirPath = "";
			projectRoot = "";
			targets = (
				BF8112CD1B823E950005FA4D /* Supernova */,
			);
		};
/* End PBXProject section */

/* Begin PBXSourcesBuildPhase section */
		BF8112CA1B823E950005FA4D /* Sources */ = {
			isa = PBXSourcesBuildPhase;
			buildActionMask = 2147483647;
			files = (
				BF8112D21B823E950005FA4D /* main.cpp in Sources */,
				BF8112DF1B8240960005FA4D /* nedmalloc.c in Sources */,
			);
			runOnlyForDeploymentPostprocessing = 0;
		};
/* End PBXSourcesBuildPhase section */

/* Begin XCBuildConfiguration section */
		BF8112D31B823E950005FA4D /* Debug */ = {
			isa = XCBuildConfiguration;
			buildSettings = {
				ALWAYS_SEARCH_USER_PATHS = NO;
				CLANG_CXX_LANGUAGE_STANDARD = "gnu++0x";
				CLANG_CXX_LIBRARY = "libc++";
				CLANG_ENABLE_MODULES = YES;
				CLANG_ENABLE_OBJC_ARC = YES;
				CLANG_WARN_BOOL_CONVERSION = YES;
				CLANG_WARN_CONSTANT_CONVERSION = YES;
				CLANG_WARN_DIRECT_OBJC_ISA_USAGE = YES_ERROR;
				CLANG_WARN_EMPTY_BODY = YES;
				CLANG_WARN_ENUM_CONVERSION = YES;
				CLANG_WARN_INT_CONVERSION = YES;
				CLANG_WARN_OBJC_ROOT_CLASS = YES_ERROR;
				CLANG_WARN_UNREACHABLE_CODE = YES;
				CLANG_WARN__DUPLICATE_METHOD_MATCH = YES;
				COPY_PHASE_STRIP = NO;
				DEBUG_INFORMATION_FORMAT = dwarf;
				ENABLE_STRICT_OBJC_MSGSEND = YES;
				GCC_C_LANGUAGE_STANDARD = gnu99;
				GCC_DYNAMIC_NO_PIC = NO;
				GCC_NO_COMMON_BLOCKS = YES;
				GCC_OPTIMIZATION_LEVEL = 0;
				GCC_PREPROCESSOR_DEFINITIONS = (
					"DEBUG=1",
					"$(inherited)",
				);
				GCC_SYMBOLS_PRIVATE_EXTERN = NO;
				GCC_WARN_64_TO_32_BIT_CONVERSION = YES;
				GCC_WARN_ABOUT_RETURN_TYPE = YES_ERROR;
				GCC_WARN_UNDECLARED_SELECTOR = YES;
				GCC_WARN_UNINITIALIZED_AUTOS = YES_AGGRESSIVE;
				GCC_WARN_UNUSED_FUNCTION = YES;
				GCC_WARN_UNUSED_VARIABLE = YES;
				MACOSX_DEPLOYMENT_TARGET = 10.10;
				MTL_ENABLE_DEBUG_INFO = YES;
				ONLY_ACTIVE_ARCH = YES;
				SDKROOT = macosx;
			};
			name = Debug;
		};
		BF8112D41B823E950005FA4D /* Release */ = {
			isa = XCBuildConfiguration;
			buildSettings = {
				ALWAYS_SEARCH_USER_PATHS = NO;
				CLANG_CXX_LANGUAGE_STANDARD = "gnu++0x";
				CLANG_CXX_LIBRARY = "libc++";
				CLANG_ENABLE_MODULES = YES;
				CLANG_ENABLE_OBJC_ARC = YES;
				CLANG_WARN_BOOL_CONVERSION = YES;
				CLANG_WARN_CONSTANT_CONVERSION = YES;
				CLANG_WARN_DIRECT_OBJC_ISA_USAGE = YES_ERROR;
				CLANG_WARN_EMPTY_BODY = YES;
				CLANG_WARN_ENUM_CONVERSION = YES;
				CLANG_WARN_INT_CONVERSION = YES;
				CLANG_WARN_OBJC_ROOT_CLASS = YES_ERROR;
				CLANG_WARN_UNREACHABLE_CODE = YES;
				CLANG_WARN__DUPLICATE_METHOD_MATCH = YES;
				COPY_PHASE_STRIP = NO;
				DEBUG_INFORMATION_FORMAT = "dwarf-with-dsym";
				ENABLE_NS_ASSERTIONS = NO;
				ENABLE_STRICT_OBJC_MSGSEND = YES;
				GCC_C_LANGUAGE_STANDARD = gnu99;
				GCC_NO_COMMON_BLOCKS = YES;
				GCC_WARN_64_TO_32_BIT_CONVERSION = YES;
				GCC_WARN_ABOUT_RETURN_TYPE = YES_ERROR;
				GCC_WARN_UNDECLARED_SELECTOR = YES;
				GCC_WARN_UNINITIALIZED_AUTOS = YES_AGGRESSIVE;
				GCC_WARN_UNUSED_FUNCTION = YES;
				GCC_WARN_UNUSED_VARIABLE = YES;
				MACOSX_DEPLOYMENT_TARGET = 10.10;
				MTL_ENABLE_DEBUG_INFO = NO;
				SDKROOT = macosx;
			};
			name = Release;
		};
		BF8112D61B823E950005FA4D /* Debug */ = {
			isa = XCBuildConfiguration;
			buildSettings = {
				PRODUCT_NAME = "$(TARGET_NAME)";
			};
			name = Debug;
		};
		BF8112D71B823E950005FA4D /* Release */ = {
			isa = XCBuildConfiguration;
			buildSettings = {
				PRODUCT_NAME = "$(TARGET_NAME)";
			};
			name = Release;
		};
/* End XCBuildConfiguration section */

/* Begin XCConfigurationList section */
		BF8112C91B823E950005FA4D /* Build configuration list for PBXProject "Supernova" */ = {
			isa = XCConfigurationList;
			buildConfigurations = (
				BF8112D31B823E950005FA4D /* Debug */,
				BF8112D41B823E950005FA4D /* Release */,
			);
			defaultConfigurationIsVisible = 0;
			defaultConfigurationName = Release;
		};
		BF8112D51B823E950005FA4D /* Build configuration list for PBXNativeTarget "Supernova" */ = {
			isa = XCConfigurationList;
			buildConfigurations = (
				BF8112D61B823E950005FA4D /* Debug */,
				BF8112D71B823E950005FA4D /* Release */,
			);
			defaultConfigurationIsVisible = 0;
		};
/* End XCConfigurationList section */
	};
	rootObject = BF8112C61B823E950005FA4D /* Project object */;
}
